
Microsoft Visual Studio Solution File, Format Version 11.00
# Visual Studio 2010
Project("{8BC9CEB8-8B4A-11D0-8D11-00A0C91BC942}") = "night", "night\night.vcxproj", "{61DEF31F-1896-420B-B42A-4871429B948C}"
EndProject
Global
	GlobalSection(SolutionConfigurationPlatforms) = preSolution
		Debug|Win32 = Debug|Win32
		Release|Win32 = Release|Win32
	EndGlobalSection
	GlobalSection(ProjectConfigurationPlatforms) = postSolution
		{61DEF31F-1896-420B-B42A-4871429B948C}.Debug|Win32.ActiveCfg = Debug|Win32
		{61DEF31F-1896-420B-B42A-4871429B948C}.Debug|Win32.Build.0 = Debug|Win32
		{61DEF31F-1896-420B-B42A-4871429B948C}.Release|Win32.ActiveCfg = Release|Win32
		{61DEF31F-1896-420B-B42A-4871429B948C}.Release|Win32.Build.0 = Release|Win32
	EndGlobalSection
	GlobalSection(SolutionProperties) = preSolution
		HideSolutionNode = FALSE
	EndGlobalSection
EndGlobal
